PODS:
  - MicrosoftMapsSDK (1.1.4)

DEPENDENCIES:
  - MicrosoftMapsSDK (~> 1.1.4)

SPEC REPOS:
  https://github.com/CocoaPods/Specs.git:
    - MicrosoftMapsSDK

SPEC CHECKSUMS:
  MicrosoftMapsSDK: 64317bb343e3ef26507f61617889a6918a1b59d4

PODFILE CHECKSUM: ad5f2fab571492f4f6b45f81eb3df42e09d34f5b

COCOAPODS: 1.9.1
