PODS:
  - MicrosoftMapsSDK (0.1.1)

DEPENDENCIES:
  - MicrosoftMapsSDK (~> 0.1.1)

SPEC REPOS:
  https://github.com/cocoapods/specs.git:
    - MicrosoftMapsSDK

SPEC CHECKSUMS:
  MicrosoftMapsSDK: cfabdcf1dd681f7a756c668ef078966f65f0a238

PODFILE CHECKSUM: 65b8316cb1fa484f901f640f170b6c97a6a1047f

COCOAPODS: 1.6.1
