// !$*UTF8*$!
{
	archiveVersion = 1;
	classes = {
	};
	objectVersion = 50;
	objects = {

/* Begin PBXBuildFile section */
		B39DA046E520A3368C664EAA /* Pods_BingMapsiOSSampleApp.framework in Frameworks */ = {isa = PBXBuildFile; fileRef = A59CB0BD39F1F7BE77805DFD /* Pods_BingMapsiOSSampleApp.framework */; };
		C2531CA2227A93910059CBF1 /* Assets.xcassets in Resources */ = {isa = PBXBuildFile; fileRef = C2531CA1227A93910059CBF1 /* Assets.xcassets */; };
		C26CE13F227B930C00246A0E /* mappin.svg in Resources */ = {isa = PBXBuildFile; fileRef = C26CE13E227B930C00246A0E /* mappin.svg */; };
		C2B9F1EA2278E627006C0881 /* LocalSearch.swift in Sources */ = {isa = PBXBuildFile; fileRef = C2B9F1E92278E627006C0881 /* LocalSearch.swift */; };
		C2F0B1E42277DF6700EBFD6F /* AppDelegate.swift in Sources */ = {isa = PBXBuildFile; fileRef = C2F0B1E32277DF6700EBFD6F /* AppDelegate.swift */; };
		C2F0B1E62277DF6700EBFD6F /* ViewController.swift in Sources */ = {isa = PBXBuildFile; fileRef = C2F0B1E52277DF6700EBFD6F /* ViewController.swift */; };
		C2F0B1E92277DF6700EBFD6F /* Main.storyboard in Resources */ = {isa = PBXBuildFile; fileRef = C2F0B1E72277DF6700EBFD6F /* Main.storyboard */; };
		C2F0B1EE2277DF6700EBFD6F /* LaunchScreen.storyboard in Resources */ = {isa = PBXBuildFile; fileRef = C2F0B1EC2277DF6700EBFD6F /* LaunchScreen.storyboard */; };
/* End PBXBuildFile section */

/* Begin PBXFileReference section */
		88CAA1DA6A95F3F887AAD8F3 /* Pods-BingMapsiOSSampleApp.release.xcconfig */ = {isa = PBXFileReference; includeInIndex = 1; lastKnownFileType = text.xcconfig; name = "Pods-BingMapsiOSSampleApp.release.xcconfig"; path = "Target Support Files/Pods-BingMapsiOSSampleApp/Pods-BingMapsiOSSampleApp.release.xcconfig"; sourceTree = "<group>"; };
		A59CB0BD39F1F7BE77805DFD /* Pods_BingMapsiOSSampleApp.framework */ = {isa = PBXFileReference; explicitFileType = wrapper.framework; includeInIndex = 0; path = Pods_BingMapsiOSSampleApp.framework; sourceTree = BUILT_PRODUCTS_DIR; };
		C2531CA1227A93910059CBF1 /* Assets.xcassets */ = {isa = PBXFileReference; lastKnownFileType = folder.assetcatalog; path = Assets.xcassets; sourceTree = "<group>"; };
		C26CE13E227B930C00246A0E /* mappin.svg */ = {isa = PBXFileReference; fileEncoding = 4; lastKnownFileType = text; path = mappin.svg; sourceTree = "<group>"; };
		C2B9F1E92278E627006C0881 /* LocalSearch.swift */ = {isa = PBXFileReference; lastKnownFileType = sourcecode.swift; path = LocalSearch.swift; sourceTree = "<group>"; };
		C2F0B1E02277DF6700EBFD6F /* BingMapsiOSSampleApp.app */ = {isa = PBXFileReference; explicitFileType = wrapper.application; includeInIndex = 0; path = BingMapsiOSSampleApp.app; sourceTree = BUILT_PRODUCTS_DIR; };
		C2F0B1E32277DF6700EBFD6F /* AppDelegate.swift */ = {isa = PBXFileReference; lastKnownFileType = sourcecode.swift; path = AppDelegate.swift; sourceTree = "<group>"; };
		C2F0B1E52277DF6700EBFD6F /* ViewController.swift */ = {isa = PBXFileReference; lastKnownFileType = sourcecode.swift; path = ViewController.swift; sourceTree = "<group>"; };
		C2F0B1E82277DF6700EBFD6F /* Base */ = {isa = PBXFileReference; lastKnownFileType = file.storyboard; name = Base; path = Base.lproj/Main.storyboard; sourceTree = "<group>"; };
		C2F0B1ED2277DF6700EBFD6F /* Base */ = {isa = PBXFileReference; lastKnownFileType = file.storyboard; name = Base; path = Base.lproj/LaunchScreen.storyboard; sourceTree = "<group>"; };
		C2F0B1EF2277DF6700EBFD6F /* Info.plist */ = {isa = PBXFileReference; lastKnownFileType = text.plist.xml; path = Info.plist; sourceTree = "<group>"; };
		F4DF33BB0A1B19399A909432 /* Pods-BingMapsiOSSampleApp.debug.xcconfig */ = {isa = PBXFileReference; includeInIndex = 1; lastKnownFileType = text.xcconfig; name = "Pods-BingMapsiOSSampleApp.debug.xcconfig"; path = "Target Support Files/Pods-BingMapsiOSSampleApp/Pods-BingMapsiOSSampleApp.debug.xcconfig"; sourceTree = "<group>"; };
/* End PBXFileReference section */

/* Begin PBXFrameworksBuildPhase section */
		C2F0B1DD2277DF6700EBFD6F /* Frameworks */ = {
			isa = PBXFrameworksBuildPhase;
			buildActionMask = 2147483647;
			files = (
				B39DA046E520A3368C664EAA /* Pods_BingMapsiOSSampleApp.framework in Frameworks */,
			);
			runOnlyForDeploymentPostprocessing = 0;
		};
/* End PBXFrameworksBuildPhase section */

/* Begin PBXGroup section */
		0178A476B1B20B13A7AEBFC6 /* Frameworks */ = {
			isa = PBXGroup;
			children = (
				A59CB0BD39F1F7BE77805DFD /* Pods_BingMapsiOSSampleApp.framework */,
			);
			name = Frameworks;
			sourceTree = "<group>";
		};
		30173E40C4752963B5822981 /* Pods */ = {
			isa = PBXGroup;
			children = (
				F4DF33BB0A1B19399A909432 /* Pods-BingMapsiOSSampleApp.debug.xcconfig */,
				88CAA1DA6A95F3F887AAD8F3 /* Pods-BingMapsiOSSampleApp.release.xcconfig */,
			);
			path = Pods;
			sourceTree = "<group>";
		};
		C2F0B1D72277DF6700EBFD6F = {
			isa = PBXGroup;
			children = (
				C2F0B1E22277DF6700EBFD6F /* BingMapsiOSSampleApp */,
				C2F0B1E12277DF6700EBFD6F /* Products */,
				30173E40C4752963B5822981 /* Pods */,
				0178A476B1B20B13A7AEBFC6 /* Frameworks */,
			);
			sourceTree = "<group>";
		};
		C2F0B1E12277DF6700EBFD6F /* Products */ = {
			isa = PBXGroup;
			children = (
				C2F0B1E02277DF6700EBFD6F /* BingMapsiOSSampleApp.app */,
			);
			name = Products;
			sourceTree = "<group>";
		};
		C2F0B1E22277DF6700EBFD6F /* BingMapsiOSSampleApp */ = {
			isa = PBXGroup;
			children = (
				C26CE13E227B930C00246A0E /* mappin.svg */,
				C2531CA1227A93910059CBF1 /* Assets.xcassets */,
				C2F0B1E32277DF6700EBFD6F /* AppDelegate.swift */,
				C2F0B1E52277DF6700EBFD6F /* ViewController.swift */,
				C2F0B1E72277DF6700EBFD6F /* Main.storyboard */,
				C2F0B1EC2277DF6700EBFD6F /* LaunchScreen.storyboard */,
				C2F0B1EF2277DF6700EBFD6F /* Info.plist */,
				C2B9F1E92278E627006C0881 /* LocalSearch.swift */,
			);
			path = BingMapsiOSSampleApp;
			sourceTree = "<group>";
		};
/* End PBXGroup section */

/* Begin PBXNativeTarget section */
		C2F0B1DF2277DF6700EBFD6F /* BingMapsiOSSampleApp */ = {
			isa = PBXNativeTarget;
			buildConfigurationList = C2F0B1F22277DF6700EBFD6F /* Build configuration list for PBXNativeTarget "BingMapsiOSSampleApp" */;
			buildPhases = (
				1CFDF8CA10558B836F15D3D0 /* [CP] Check Pods Manifest.lock */,
				C2F0B1DC2277DF6700EBFD6F /* Sources */,
				C2F0B1DD2277DF6700EBFD6F /* Frameworks */,
				C2F0B1DE2277DF6700EBFD6F /* Resources */,
				7B89C4556164ED95B714C84D /* [CP] Embed Pods Frameworks */,
			);
			buildRules = (
			);
			dependencies = (
			);
			name = BingMapsiOSSampleApp;
			productName = BingMapsiOSSampleApp;
			productReference = C2F0B1E02277DF6700EBFD6F /* BingMapsiOSSampleApp.app */;
			productType = "com.apple.product-type.application";
		};
/* End PBXNativeTarget section */

/* Begin PBXProject section */
		C2F0B1D82277DF6700EBFD6F /* Project object */ = {
			isa = PBXProject;
			attributes = {
				LastSwiftUpdateCheck = 1010;
				LastUpgradeCheck = 1010;
				ORGANIZATIONNAME = YourCompany;
				TargetAttributes = {
					C2F0B1DF2277DF6700EBFD6F = {
						CreatedOnToolsVersion = 10.1;
					};
				};
			};
			buildConfigurationList = C2F0B1DB2277DF6700EBFD6F /* Build configuration list for PBXProject "BingMapsiOSSampleApp" */;
			compatibilityVersion = "Xcode 9.3";
			developmentRegion = en;
			hasScannedForEncodings = 0;
			knownRegions = (
				en,
				Base,
			);
			mainGroup = C2F0B1D72277DF6700EBFD6F;
			productRefGroup = C2F0B1E12277DF6700EBFD6F /* Products */;
			projectDirPath = "";
			projectRoot = "";
			targets = (
				C2F0B1DF2277DF6700EBFD6F /* BingMapsiOSSampleApp */,
			);
		};
/* End PBXProject section */

/* Begin PBXResourcesBuildPhase section */
		C2F0B1DE2277DF6700EBFD6F /* Resources */ = {
			isa = PBXResourcesBuildPhase;
			buildActionMask = 2147483647;
			files = (
				C2F0B1EE2277DF6700EBFD6F /* LaunchScreen.storyboard in Resources */,
				C26CE13F227B930C00246A0E /* mappin.svg in Resources */,
				C2531CA2227A93910059CBF1 /* Assets.xcassets in Resources */,
				C2F0B1E92277DF6700EBFD6F /* Main.storyboard in Resources */,
			);
			runOnlyForDeploymentPostprocessing = 0;
		};
/* End PBXResourcesBuildPhase section */

/* Begin PBXShellScriptBuildPhase section */
		1CFDF8CA10558B836F15D3D0 /* [CP] Check Pods Manifest.lock */ = {
			isa = PBXShellScriptBuildPhase;
			buildActionMask = 2147483647;
			files = (
			);
			inputFileListPaths = (
			);
			inputPaths = (
				"${PODS_PODFILE_DIR_PATH}/Podfile.lock",
				"${PODS_ROOT}/Manifest.lock",
			);
			name = "[CP] Check Pods Manifest.lock";
			outputFileListPaths = (
			);
			outputPaths = (
				"$(DERIVED_FILE_DIR)/Pods-BingMapsiOSSampleApp-checkManifestLockResult.txt",
			);
			runOnlyForDeploymentPostprocessing = 0;
			shellPath = /bin/sh;
			shellScript = "diff \"${PODS_PODFILE_DIR_PATH}/Podfile.lock\" \"${PODS_ROOT}/Manifest.lock\" > /dev/null\nif [ $? != 0 ] ; then\n    # print error to STDERR\n    echo \"error: The sandbox is not in sync with the Podfile.lock. Run 'pod install' or update your CocoaPods installation.\" >&2\n    exit 1\nfi\n# This output is used by Xcode 'outputs' to avoid re-running this script phase.\necho \"SUCCESS\" > \"${SCRIPT_OUTPUT_FILE_0}\"\n";
			showEnvVarsInLog = 0;
		};
		7B89C4556164ED95B714C84D /* [CP] Embed Pods Frameworks */ = {
			isa = PBXShellScriptBuildPhase;
			buildActionMask = 2147483647;
			files = (
			);
			inputFileListPaths = (
			);
			inputPaths = (
				"${PODS_ROOT}/Target Support Files/Pods-BingMapsiOSSampleApp/Pods-BingMapsiOSSampleApp-frameworks.sh",
				"${PODS_ROOT}/BingMapsiOSSDK/BingMaps.framework",
			);
			name = "[CP] Embed Pods Frameworks";
			outputFileListPaths = (
			);
			outputPaths = (
				"${TARGET_BUILD_DIR}/${FRAMEWORKS_FOLDER_PATH}/BingMaps.framework",
			);
			runOnlyForDeploymentPostprocessing = 0;
			shellPath = /bin/sh;
			shellScript = "\"${PODS_ROOT}/Target Support Files/Pods-BingMapsiOSSampleApp/Pods-BingMapsiOSSampleApp-frameworks.sh\"\n";
			showEnvVarsInLog = 0;
		};
/* End PBXShellScriptBuildPhase section */

/* Begin PBXSourcesBuildPhase section */
		C2F0B1DC2277DF6700EBFD6F /* Sources */ = {
			isa = PBXSourcesBuildPhase;
			buildActionMask = 2147483647;
			files = (
				C2F0B1E62277DF6700EBFD6F /* ViewController.swift in Sources */,
				C2B9F1EA2278E627006C0881 /* LocalSearch.swift in Sources */,
				C2F0B1E42277DF6700EBFD6F /* AppDelegate.swift in Sources */,
			);
			runOnlyForDeploymentPostprocessing = 0;
		};
/* End PBXSourcesBuildPhase section */

/* Begin PBXVariantGroup section */
		C2F0B1E72277DF6700EBFD6F /* Main.storyboard */ = {
			isa = PBXVariantGroup;
			children = (
				C2F0B1E82277DF6700EBFD6F /* Base */,
			);
			name = Main.storyboard;
			sourceTree = "<group>";
		};
		C2F0B1EC2277DF6700EBFD6F /* LaunchScreen.storyboard */ = {
			isa = PBXVariantGroup;
			children = (
				C2F0B1ED2277DF6700EBFD6F /* Base */,
			);
			name = LaunchScreen.storyboard;
			sourceTree = "<group>";
		};
/* End PBXVariantGroup section */

/* Begin XCBuildConfiguration section */
		C2F0B1F02277DF6700EBFD6F /* Debug */ = {
			isa = XCBuildConfiguration;
			buildSettings = {
				ALWAYS_SEARCH_USER_PATHS = NO;
				CLANG_ANALYZER_NONNULL = YES;
				CLANG_ANALYZER_NUMBER_OBJECT_CONVERSION = YES_AGGRESSIVE;
				CLANG_CXX_LANGUAGE_STANDARD = "gnu++14";
				CLANG_CXX_LIBRARY = "libc++";
				CLANG_ENABLE_MODULES = YES;
				CLANG_ENABLE_OBJC_ARC = YES;
				CLANG_ENABLE_OBJC_WEAK = YES;
				CLANG_WARN_BLOCK_CAPTURE_AUTORELEASING = YES;
				CLANG_WARN_BOOL_CONVERSION = YES;
				CLANG_WARN_COMMA = YES;
				CLANG_WARN_CONSTANT_CONVERSION = YES;
				CLANG_WARN_DEPRECATED_OBJC_IMPLEMENTATIONS = YES;
				CLANG_WARN_DIRECT_OBJC_ISA_USAGE = YES_ERROR;
				CLANG_WARN_DOCUMENTATION_COMMENTS = YES;
				CLANG_WARN_EMPTY_BODY = YES;
				CLANG_WARN_ENUM_CONVERSION = YES;
				CLANG_WARN_INFINITE_RECURSION = YES;
				CLANG_WARN_INT_CONVERSION = YES;
				CLANG_WARN_NON_LITERAL_NULL_CONVERSION = YES;
				CLANG_WARN_OBJC_IMPLICIT_RETAIN_SELF = YES;
				CLANG_WARN_OBJC_LITERAL_CONVERSION = YES;
				CLANG_WARN_OBJC_ROOT_CLASS = YES_ERROR;
				CLANG_WARN_RANGE_LOOP_ANALYSIS = YES;
				CLANG_WARN_STRICT_PROTOTYPES = YES;
				CLANG_WARN_SUSPICIOUS_MOVE = YES;
				CLANG_WARN_UNGUARDED_AVAILABILITY = YES_AGGRESSIVE;
				CLANG_WARN_UNREACHABLE_CODE = YES;
				CLANG_WARN__DUPLICATE_METHOD_MATCH = YES;
				CODE_SIGN_IDENTITY = "iPhone Developer";
				COPY_PHASE_STRIP = NO;
				DEBUG_INFORMATION_FORMAT = dwarf;
				ENABLE_STRICT_OBJC_MSGSEND = YES;
				ENABLE_TESTABILITY = YES;
				GCC_C_LANGUAGE_STANDARD = gnu11;
				GCC_DYNAMIC_NO_PIC = NO;
				GCC_NO_COMMON_BLOCKS = YES;
				GCC_OPTIMIZATION_LEVEL = 0;
				GCC_PREPROCESSOR_DEFINITIONS = (
					"DEBUG=1",
					"$(inherited)",
				);
				GCC_WARN_64_TO_32_BIT_CONVERSION = YES;
				GCC_WARN_ABOUT_RETURN_TYPE = YES_ERROR;
				GCC_WARN_UNDECLARED_SELECTOR = YES;
				GCC_WARN_UNINITIALIZED_AUTOS = YES_AGGRESSIVE;
				GCC_WARN_UNUSED_FUNCTION = YES;
				GCC_WARN_UNUSED_VARIABLE = YES;
				IPHONEOS_DEPLOYMENT_TARGET = 12.1;
				MTL_ENABLE_DEBUG_INFO = INCLUDE_SOURCE;
				MTL_FAST_MATH = YES;
				ONLY_ACTIVE_ARCH = YES;
				SDKROOT = iphoneos;
				SWIFT_ACTIVE_COMPILATION_CONDITIONS = DEBUG;
				SWIFT_OPTIMIZATION_LEVEL = "-Onone";
			};
			name = Debug;
		};
		C2F0B1F12277DF6700EBFD6F /* Release */ = {
			isa = XCBuildConfiguration;
			buildSettings = {
				ALWAYS_SEARCH_USER_PATHS = NO;
				CLANG_ANALYZER_NONNULL = YES;
				CLANG_ANALYZER_NUMBER_OBJECT_CONVERSION = YES_AGGRESSIVE;
				CLANG_CXX_LANGUAGE_STANDARD = "gnu++14";
				CLANG_CXX_LIBRARY = "libc++";
				CLANG_ENABLE_MODULES = YES;
				CLANG_ENABLE_OBJC_ARC = YES;
				CLANG_ENABLE_OBJC_WEAK = YES;
				CLANG_WARN_BLOCK_CAPTURE_AUTORELEASING = YES;
				CLANG_WARN_BOOL_CONVERSION = YES;
				CLANG_WARN_COMMA = YES;
				CLANG_WARN_CONSTANT_CONVERSION = YES;
				CLANG_WARN_DEPRECATED_OBJC_IMPLEMENTATIONS = YES;
				CLANG_WARN_DIRECT_OBJC_ISA_USAGE = YES_ERROR;
				CLANG_WARN_DOCUMENTATION_COMMENTS = YES;
				CLANG_WARN_EMPTY_BODY = YES;
				CLANG_WARN_ENUM_CONVERSION = YES;
				CLANG_WARN_INFINITE_RECURSION = YES;
				CLANG_WARN_INT_CONVERSION = YES;
				CLANG_WARN_NON_LITERAL_NULL_CONVERSION = YES;
				CLANG_WARN_OBJC_IMPLICIT_RETAIN_SELF = YES;
				CLANG_WARN_OBJC_LITERAL_CONVERSION = YES;
				CLANG_WARN_OBJC_ROOT_CLASS = YES_ERROR;
				CLANG_WARN_RANGE_LOOP_ANALYSIS = YES;
				CLANG_WARN_STRICT_PROTOTYPES = YES;
				CLANG_WARN_SUSPICIOUS_MOVE = YES;
				CLANG_WARN_UNGUARDED_AVAILABILITY = YES_AGGRESSIVE;
				CLANG_WARN_UNREACHABLE_CODE = YES;
				CLANG_WARN__DUPLICATE_METHOD_MATCH = YES;
				CODE_SIGN_IDENTITY = "iPhone Developer";
				COPY_PHASE_STRIP = NO;
				DEBUG_INFORMATION_FORMAT = "dwarf-with-dsym";
				ENABLE_NS_ASSERTIONS = NO;
				ENABLE_STRICT_OBJC_MSGSEND = YES;
				GCC_C_LANGUAGE_STANDARD = gnu11;
				GCC_NO_COMMON_BLOCKS = YES;
				GCC_WARN_64_TO_32_BIT_CONVERSION = YES;
				GCC_WARN_ABOUT_RETURN_TYPE = YES_ERROR;
				GCC_WARN_UNDECLARED_SELECTOR = YES;
				GCC_WARN_UNINITIALIZED_AUTOS = YES_AGGRESSIVE;
				GCC_WARN_UNUSED_FUNCTION = YES;
				GCC_WARN_UNUSED_VARIABLE = YES;
				IPHONEOS_DEPLOYMENT_TARGET = 12.1;
				MTL_ENABLE_DEBUG_INFO = NO;
				MTL_FAST_MATH = YES;
				SDKROOT = iphoneos;
				SWIFT_COMPILATION_MODE = wholemodule;
				SWIFT_OPTIMIZATION_LEVEL = "-O";
				VALIDATE_PRODUCT = YES;
			};
			name = Release;
		};
		C2F0B1F32277DF6700EBFD6F /* Debug */ = {
			isa = XCBuildConfiguration;
			baseConfigurationReference = F4DF33BB0A1B19399A909432 /* Pods-BingMapsiOSSampleApp.debug.xcconfig */;
			buildSettings = {
				ASSETCATALOG_COMPILER_APPICON_NAME = AppIcon;
				CODE_SIGN_IDENTITY = "iPhone Developer";
				CODE_SIGN_STYLE = Automatic;
				DEVELOPMENT_TEAM = "";
				ENABLE_BITCODE = YES;
				INFOPLIST_FILE = BingMapsiOSSampleApp/Info.plist;
				IPHONEOS_DEPLOYMENT_TARGET = 9.0;
				LD_RUNPATH_SEARCH_PATHS = (
					"$(inherited)",
					"@executable_path/Frameworks",
				);
				PRODUCT_BUNDLE_IDENTIFIER = com.yourcompany.BingMapsiOSSampleApp;
				PRODUCT_NAME = "$(TARGET_NAME)";
				PROVISIONING_PROFILE_SPECIFIER = "";
				SWIFT_VERSION = 4.2;
				TARGETED_DEVICE_FAMILY = "1,2";
			};
			name = Debug;
		};
		C2F0B1F42277DF6700EBFD6F /* Release */ = {
			isa = XCBuildConfiguration;
			baseConfigurationReference = 88CAA1DA6A95F3F887AAD8F3 /* Pods-BingMapsiOSSampleApp.release.xcconfig */;
			buildSettings = {
				ASSETCATALOG_COMPILER_APPICON_NAME = AppIcon;
				CODE_SIGN_IDENTITY = "iPhone Developer";
				CODE_SIGN_STYLE = Automatic;
				DEVELOPMENT_TEAM = "";
				ENABLE_BITCODE = YES;
				INFOPLIST_FILE = BingMapsiOSSampleApp/Info.plist;
				IPHONEOS_DEPLOYMENT_TARGET = 9.0;
				LD_RUNPATH_SEARCH_PATHS = (
					"$(inherited)",
					"@executable_path/Frameworks",
				);
				PRODUCT_BUNDLE_IDENTIFIER = com.yourcompany.BingMapsiOSSampleApp;
				PRODUCT_NAME = "$(TARGET_NAME)";
				PROVISIONING_PROFILE_SPECIFIER = "";
				SWIFT_VERSION = 4.2;
				TARGETED_DEVICE_FAMILY = "1,2";
			};
			name = Release;
		};
/* End XCBuildConfiguration section */

/* Begin XCConfigurationList section */
		C2F0B1DB2277DF6700EBFD6F /* Build configuration list for PBXProject "BingMapsiOSSampleApp" */ = {
			isa = XCConfigurationList;
			buildConfigurations = (
				C2F0B1F02277DF6700EBFD6F /* Debug */,
				C2F0B1F12277DF6700EBFD6F /* Release */,
			);
			defaultConfigurationIsVisible = 0;
			defaultConfigurationName = Release;
		};
		C2F0B1F22277DF6700EBFD6F /* Build configuration list for PBXNativeTarget "BingMapsiOSSampleApp" */ = {
			isa = XCConfigurationList;
			buildConfigurations = (
				C2F0B1F32277DF6700EBFD6F /* Debug */,
				C2F0B1F42277DF6700EBFD6F /* Release */,
			);
			defaultConfigurationIsVisible = 0;
			defaultConfigurationName = Release;
		};
/* End XCConfigurationList section */
	};
	rootObject = C2F0B1D82277DF6700EBFD6F /* Project object */;
}
