PODS:
  - MicrosoftMapsSDK (1.1.0)

DEPENDENCIES:
  - MicrosoftMapsSDK (~> 1.1.0)

SPEC REPOS:
  https://github.com/CocoaPods/Specs.git:
    - MicrosoftMapsSDK

SPEC CHECKSUMS:
  MicrosoftMapsSDK: d7e3f87f62974fe1fdedef55c6cd8294cacbe06a

PODFILE CHECKSUM: 2a508b92e877180e58dfc6e96d6c73c724bccfb1

COCOAPODS: 1.9.1
