PODS:
  - MicrosoftMapsSDK (1.0.3)

DEPENDENCIES:
  - MicrosoftMapsSDK (~> 1.0.3)

SPEC REPOS:
  https://github.com/CocoaPods/Specs.git:
    - MicrosoftMapsSDK

SPEC CHECKSUMS:
  MicrosoftMapsSDK: e75000251f075617d57f20b6b99ce151150b55ed

PODFILE CHECKSUM: c8175101e16116f36ba691ae6e0d110e6fcb5948

COCOAPODS: 1.8.4
